
Microsoft Visual Studio Solution File, Format Version 12.00
# Visual Studio 2013
VisualStudioVersion = 12.0.31101.0
MinimumVisualStudioVersion = 10.0.40219.1
Project("{8BC9CEB8-8B4A-11D0-8D11-00A0C91BC942}") = "ADMailSDK.DLL", "ADMailSDK.DLL\ADMailSDK.DLL.vcxproj", "{0C6E7BE6-076E-4AB8-B86D-666120F5EB49}"
EndProject
Project("{FAE04EC0-301F-11D3-BF4B-00C04F79EFBC}") = "Silverlight81App", "Silverlight81App\Silverlight81App.csproj", "{69ED9DDC-5035-4ABA-A243-1C814585F149}"
EndProject
Project("{FAE04EC0-301F-11D3-BF4B-00C04F79EFBC}") = "MyTargetSDK", "MyTargetSDK\MyTargetSDK.csproj", "{D605DCCF-BC4B-4E6D-9ADE-0C3735846A60}"
EndProject
Global
	GlobalSection(SolutionConfigurationPlatforms) = preSolution
		Debug|ARM = Debug|ARM
		Debug|Win32 = Debug|Win32
		Release|ARM = Release|ARM
		Release|Win32 = Release|Win32
	EndGlobalSection
	GlobalSection(ProjectConfigurationPlatforms) = postSolution
		{0C6E7BE6-076E-4AB8-B86D-666120F5EB49}.Debug|ARM.ActiveCfg = Debug|ARM
		{0C6E7BE6-076E-4AB8-B86D-666120F5EB49}.Debug|ARM.Build.0 = Debug|ARM
		{0C6E7BE6-076E-4AB8-B86D-666120F5EB49}.Debug|Win32.ActiveCfg = Debug|Win32
		{0C6E7BE6-076E-4AB8-B86D-666120F5EB49}.Debug|Win32.Build.0 = Debug|Win32
		{0C6E7BE6-076E-4AB8-B86D-666120F5EB49}.Release|ARM.ActiveCfg = Release|ARM
		{0C6E7BE6-076E-4AB8-B86D-666120F5EB49}.Release|ARM.Build.0 = Release|ARM
		{0C6E7BE6-076E-4AB8-B86D-666120F5EB49}.Release|Win32.ActiveCfg = Release|Win32
		{0C6E7BE6-076E-4AB8-B86D-666120F5EB49}.Release|Win32.Build.0 = Release|Win32
		{69ED9DDC-5035-4ABA-A243-1C814585F149}.Debug|ARM.ActiveCfg = Debug|ARM
		{69ED9DDC-5035-4ABA-A243-1C814585F149}.Debug|ARM.Build.0 = Debug|ARM
		{69ED9DDC-5035-4ABA-A243-1C814585F149}.Debug|ARM.Deploy.0 = Debug|ARM
		{69ED9DDC-5035-4ABA-A243-1C814585F149}.Debug|Win32.ActiveCfg = Debug|x86
		{69ED9DDC-5035-4ABA-A243-1C814585F149}.Debug|Win32.Build.0 = Debug|x86
		{69ED9DDC-5035-4ABA-A243-1C814585F149}.Debug|Win32.Deploy.0 = Debug|x86
		{69ED9DDC-5035-4ABA-A243-1C814585F149}.Release|ARM.ActiveCfg = Release|ARM
		{69ED9DDC-5035-4ABA-A243-1C814585F149}.Release|ARM.Build.0 = Release|ARM
		{69ED9DDC-5035-4ABA-A243-1C814585F149}.Release|ARM.Deploy.0 = Release|ARM
		{69ED9DDC-5035-4ABA-A243-1C814585F149}.Release|Win32.ActiveCfg = Release|x86
		{69ED9DDC-5035-4ABA-A243-1C814585F149}.Release|Win32.Build.0 = Release|x86
		{69ED9DDC-5035-4ABA-A243-1C814585F149}.Release|Win32.Deploy.0 = Release|x86
		{D605DCCF-BC4B-4E6D-9ADE-0C3735846A60}.Debug|ARM.ActiveCfg = Debug|Any CPU
		{D605DCCF-BC4B-4E6D-9ADE-0C3735846A60}.Debug|Win32.ActiveCfg = Debug|Any CPU
		{D605DCCF-BC4B-4E6D-9ADE-0C3735846A60}.Release|ARM.ActiveCfg = Release|Any CPU
		{D605DCCF-BC4B-4E6D-9ADE-0C3735846A60}.Release|Win32.ActiveCfg = Release|Any CPU
	EndGlobalSection
	GlobalSection(SolutionProperties) = preSolution
		HideSolutionNode = FALSE
	EndGlobalSection
EndGlobal
