<?xml version="1.0" encoding="utf-8"?>
<Project ToolsVersion="4.0" xmlns="http://schemas.microsoft.com/developer/msbuild/2003">
  <ItemGroup>
    <Filter Include="Resource Files">
      <UniqueIdentifier>{67DA6AB6-F800-4c08-8B7A-83BB121AAD01}</UniqueIdentifier>
      <Extensions>rc;ico;cur;bmp;dlg;rc2;rct;bin;rgs;gif;jpg;jpeg;jpe;resx;tiff;tif;png;wav;mfcribbon-ms</Extensions>
    </Filter>
    <Filter Include="Headers">
      <UniqueIdentifier>{931ddd24-5e62-4d1b-a395-23c2450ee1a6}</UniqueIdentifier>
      <Extensions>
      </Extensions>
    </Filter>
    <Filter Include="Sources">
      <UniqueIdentifier>{ab2d6471-2aeb-4476-932a-1964d7f390fb}</UniqueIdentifier>
      <Extensions>
      </Extensions>
    </Filter>
    <Filter Include="Infrastructure">
      <UniqueIdentifier>{12a7499c-b111-4f7a-a199-43b0fbef9d08}</UniqueIdentifier>
    </Filter>
    <Filter Include="PCH">
      <UniqueIdentifier>{e9d1aefe-9f51-4a38-9659-73ba328d91eb}</UniqueIdentifier>
    </Filter>
    <Filter Include="Models">
      <UniqueIdentifier>{69837d85-376a-4c5a-be1a-95a35fa7aead}</UniqueIdentifier>
    </Filter>
    <Filter Include="Models\Banners">
      <UniqueIdentifier>{e600de1f-e879-4781-bfa7-e8acb791f516}</UniqueIdentifier>
    </Filter>
    <Filter Include="Models\Sections">
      <UniqueIdentifier>{69cda778-800f-4a2d-b11c-f034f2230fe7}</UniqueIdentifier>
    </Filter>
  </ItemGroup>
  <ItemGroup>
    <ClCompile Include="ADServiceImpl.cpp">
      <Filter>Sources</Filter>
    </ClCompile>
    <ClCompile Include="dllmain.cpp">
      <Filter>Sources</Filter>
    </ClCompile>
    <ClCompile Include="pch.cpp">
      <Filter>PCH</Filter>
    </ClCompile>
  </ItemGroup>
  <ItemGroup>
    <ClInclude Include="pch.h">
      <Filter>PCH</Filter>
    </ClInclude>
    <ClInclude Include="Models\Banners\IBanner.h">
      <Filter>Models\Banners</Filter>
    </ClInclude>
    <ClInclude Include="Models\Stat.h">
      <Filter>Models</Filter>
    </ClInclude>
  </ItemGroup>
  <ItemGroup>
    <Midl Include="ADService.idl">
      <Filter>Infrastructure</Filter>
    </Midl>
  </ItemGroup>
  <ItemGroup>
    <None Include="ADService.def">
      <Filter>Infrastructure</Filter>
    </None>
  </ItemGroup>
</Project>